
Microsoft Visual Studio Solution File, Format Version 12.00
# Visual Studio 14
VisualStudioVersion = 14.0.23107.0
MinimumVisualStudioVersion = 10.0.40219.1
Project("{FAE04EC0-301F-11D3-BF4B-00C04F79EFBC}") = "Messages", "Messages\Messages.csproj", "{84524CE0-CD9F-4F8B-A814-C98020E5C4E5}"
EndProject
Project("{FAE04EC0-301F-11D3-BF4B-00C04F79EFBC}") = "Roasting", "Roaster\Roasting.csproj", "{6BF2266E-2F9D-4BEE-A33A-5A8E08D21DE5}"
EndProject
Project("{FAE04EC0-301F-11D3-BF4B-00C04F79EFBC}") = "Grinding", "Grinder\Grinding.csproj", "{5EE78073-40F1-49BC-AB8C-58F260003FBA}"
EndProject
Project("{FAE04EC0-301F-11D3-BF4B-00C04F79EFBC}") = "Conching", "Conching\Conching.csproj", "{2C32ABB7-D51B-4C35-B96D-7406D19A0840}"
EndProject
Project("{FAE04EC0-301F-11D3-BF4B-00C04F79EFBC}") = "Tempering", "Tempering\Tempering.csproj", "{2F62F656-DF0D-4CE1-858C-38EE1F2B316C}"
EndProject
Project("{FAE04EC0-301F-11D3-BF4B-00C04F79EFBC}") = "Blending", "Blending\Blending.csproj", "{76EA4D52-0A69-454B-9DA8-2384814F0279}"
EndProject
Project("{FAE04EC0-301F-11D3-BF4B-00C04F79EFBC}") = "Facility", "Facility\Facility.csproj", "{FE7B95B1-35B5-48F5-9798-431A8192A1EB}"
EndProject
Global
	GlobalSection(SolutionConfigurationPlatforms) = preSolution
		Debug|Any CPU = Debug|Any CPU
		Release|Any CPU = Release|Any CPU
	EndGlobalSection
	GlobalSection(ProjectConfigurationPlatforms) = postSolution
		{84524CE0-CD9F-4F8B-A814-C98020E5C4E5}.Debug|Any CPU.ActiveCfg = Debug|Any CPU
		{84524CE0-CD9F-4F8B-A814-C98020E5C4E5}.Debug|Any CPU.Build.0 = Debug|Any CPU
		{84524CE0-CD9F-4F8B-A814-C98020E5C4E5}.Release|Any CPU.ActiveCfg = Release|Any CPU
		{84524CE0-CD9F-4F8B-A814-C98020E5C4E5}.Release|Any CPU.Build.0 = Release|Any CPU
		{6BF2266E-2F9D-4BEE-A33A-5A8E08D21DE5}.Debug|Any CPU.ActiveCfg = Debug|Any CPU
		{6BF2266E-2F9D-4BEE-A33A-5A8E08D21DE5}.Debug|Any CPU.Build.0 = Debug|Any CPU
		{6BF2266E-2F9D-4BEE-A33A-5A8E08D21DE5}.Release|Any CPU.ActiveCfg = Release|Any CPU
		{6BF2266E-2F9D-4BEE-A33A-5A8E08D21DE5}.Release|Any CPU.Build.0 = Release|Any CPU
		{5EE78073-40F1-49BC-AB8C-58F260003FBA}.Debug|Any CPU.ActiveCfg = Debug|Any CPU
		{5EE78073-40F1-49BC-AB8C-58F260003FBA}.Debug|Any CPU.Build.0 = Debug|Any CPU
		{5EE78073-40F1-49BC-AB8C-58F260003FBA}.Release|Any CPU.ActiveCfg = Release|Any CPU
		{5EE78073-40F1-49BC-AB8C-58F260003FBA}.Release|Any CPU.Build.0 = Release|Any CPU
		{2C32ABB7-D51B-4C35-B96D-7406D19A0840}.Debug|Any CPU.ActiveCfg = Debug|Any CPU
		{2C32ABB7-D51B-4C35-B96D-7406D19A0840}.Debug|Any CPU.Build.0 = Debug|Any CPU
		{2C32ABB7-D51B-4C35-B96D-7406D19A0840}.Release|Any CPU.ActiveCfg = Release|Any CPU
		{2C32ABB7-D51B-4C35-B96D-7406D19A0840}.Release|Any CPU.Build.0 = Release|Any CPU
		{2F62F656-DF0D-4CE1-858C-38EE1F2B316C}.Debug|Any CPU.ActiveCfg = Debug|Any CPU
		{2F62F656-DF0D-4CE1-858C-38EE1F2B316C}.Debug|Any CPU.Build.0 = Debug|Any CPU
		{2F62F656-DF0D-4CE1-858C-38EE1F2B316C}.Release|Any CPU.ActiveCfg = Release|Any CPU
		{2F62F656-DF0D-4CE1-858C-38EE1F2B316C}.Release|Any CPU.Build.0 = Release|Any CPU
		{76EA4D52-0A69-454B-9DA8-2384814F0279}.Debug|Any CPU.ActiveCfg = Debug|Any CPU
		{76EA4D52-0A69-454B-9DA8-2384814F0279}.Debug|Any CPU.Build.0 = Debug|Any CPU
		{76EA4D52-0A69-454B-9DA8-2384814F0279}.Release|Any CPU.ActiveCfg = Release|Any CPU
		{76EA4D52-0A69-454B-9DA8-2384814F0279}.Release|Any CPU.Build.0 = Release|Any CPU
		{FE7B95B1-35B5-48F5-9798-431A8192A1EB}.Debug|Any CPU.ActiveCfg = Debug|Any CPU
		{FE7B95B1-35B5-48F5-9798-431A8192A1EB}.Debug|Any CPU.Build.0 = Debug|Any CPU
		{FE7B95B1-35B5-48F5-9798-431A8192A1EB}.Release|Any CPU.ActiveCfg = Release|Any CPU
		{FE7B95B1-35B5-48F5-9798-431A8192A1EB}.Release|Any CPU.Build.0 = Release|Any CPU
	EndGlobalSection
	GlobalSection(SolutionProperties) = preSolution
		HideSolutionNode = FALSE
	EndGlobalSection
EndGlobal
